
Microsoft Visual Studio Solution File, Format Version 12.00
# Visual Studio Version 17
VisualStudioVersion = 17.8.34330.188
MinimumVisualStudioVersion = 10.0.40219.1
Project("{FAE04EC0-301F-11D3-BF4B-00C04F79EFBC}") = "CalculadoraSOAP", "CalculadoraSOAP\CalculadoraSOAP.csproj", "{EC690CBA-7DF1-4BA3-B875-166C764B6CD8}"
EndProject
Global
	GlobalSection(SolutionConfigurationPlatforms) = preSolution
		Debug|Any CPU = Debug|Any CPU
		Release|Any CPU = Release|Any CPU
	EndGlobalSection
	GlobalSection(ProjectConfigurationPlatforms) = postSolution
		{EC690CBA-7DF1-4BA3-B875-166C764B6CD8}.Debug|Any CPU.ActiveCfg = Debug|Any CPU
		{EC690CBA-7DF1-4BA3-B875-166C764B6CD8}.Debug|Any CPU.Build.0 = Debug|Any CPU
		{EC690CBA-7DF1-4BA3-B875-166C764B6CD8}.Release|Any CPU.ActiveCfg = Release|Any CPU
		{EC690CBA-7DF1-4BA3-B875-166C764B6CD8}.Release|Any CPU.Build.0 = Release|Any CPU
	EndGlobalSection
	GlobalSection(SolutionProperties) = preSolution
		HideSolutionNode = FALSE
	EndGlobalSection
	GlobalSection(ExtensibilityGlobals) = postSolution
		SolutionGuid = {BCFCAA2E-1F52-4239-8D56-31B9099560E6}
	EndGlobalSection
EndGlobal
